# THIS IS AN AUTOGENERATED FILE. DO NOT EDIT THIS FILE DIRECTLY.
# yarn lockfile v1


async-validator@^3.2.3:
  version "3.2.3"
  resolved "https://registry.yarnpkg.com/async-validator/-/async-validator-3.2.3.tgz#b38b72f9c08c1d28548df13bb260b6908448ca49"
  integrity sha512-yMJ4i3x5qEGVgEMowZiBkx+rjDrsXf64BWdHENCtHLgyPiEE+2r8jvqMF1cghCgdGo4sWVLJ7MDwPQgGSPDCcw==
